
Microsoft Visual Studio Solution File, Format Version 12.00
# Visual Studio Version 17
VisualStudioVersion = 17.0.32112.339
MinimumVisualStudioVersion = 10.0.40219.1
Project("{9A19103F-16F7-4668-BE54-9A1E7A4F7556}") = "EzLiveServer.CLI", "src\EzLiveServer.CLI\EzLiveServer.CLI.csproj", "{F2BF5998-5D97-4B74-BBB1-7DA6EFA61D2E}"
EndProject
Project("{FAE04EC0-301F-11D3-BF4B-00C04F79EFBC}") = "EzLiveServer.Core", "src\EzLiveServer.Core\EzLiveServer.Core.csproj", "{F970E96A-2D56-48EE-A5AA-A50DBFD798B9}"
EndProject
Global
	GlobalSection(SolutionConfigurationPlatforms) = preSolution
		Debug|Any CPU = Debug|Any CPU
		Release|Any CPU = Release|Any CPU
	EndGlobalSection
	GlobalSection(ProjectConfigurationPlatforms) = postSolution
		{F2BF5998-5D97-4B74-BBB1-7DA6EFA61D2E}.Debug|Any CPU.ActiveCfg = Debug|Any CPU
		{F2BF5998-5D97-4B74-BBB1-7DA6EFA61D2E}.Debug|Any CPU.Build.0 = Debug|Any CPU
		{F2BF5998-5D97-4B74-BBB1-7DA6EFA61D2E}.Release|Any CPU.ActiveCfg = Release|Any CPU
		{F2BF5998-5D97-4B74-BBB1-7DA6EFA61D2E}.Release|Any CPU.Build.0 = Release|Any CPU
		{F970E96A-2D56-48EE-A5AA-A50DBFD798B9}.Debug|Any CPU.ActiveCfg = Debug|Any CPU
		{F970E96A-2D56-48EE-A5AA-A50DBFD798B9}.Debug|Any CPU.Build.0 = Debug|Any CPU
		{F970E96A-2D56-48EE-A5AA-A50DBFD798B9}.Release|Any CPU.ActiveCfg = Release|Any CPU
		{F970E96A-2D56-48EE-A5AA-A50DBFD798B9}.Release|Any CPU.Build.0 = Release|Any CPU
	EndGlobalSection
	GlobalSection(SolutionProperties) = preSolution
		HideSolutionNode = FALSE
	EndGlobalSection
	GlobalSection(ExtensibilityGlobals) = postSolution
		SolutionGuid = {2E66EBA3-08BC-4E03-866F-913AF05ED427}
	EndGlobalSection
EndGlobal
